hash: 3911c73701f80c04da518a19bc2afc5cf4d20c8bdc3e7b8fd5744748b5cbe030
updated: 2017-05-16T21:13:01.536940312+01:00
imports:
- name: github.com/ant0ine/go-json-rest
  version: ce4b71cdf7ba29ef443d704bd923f5bbf281ee30
  subpackages:
  - rest
  - rest/trie
- name: github.com/aws/aws-sdk-go
  version: 9f8b24cb7c7701c78150869d906711a2e7184bc0
  subpackages:
  - aws
  - aws/awserr
  - aws/awsutil
  - aws/client
  - aws/client/metadata
  - aws/corehandlers
  - aws/credentials
  - aws/credentials/ec2rolecreds
  - aws/credentials/endpointcreds
  - aws/credentials/stscreds
  - aws/defaults
  - aws/ec2metadata
  - aws/endpoints
  - aws/request
  - aws/session
  - aws/signer/v4
  - private/protocol
  - private/protocol/json/jsonutil
  - private/protocol/jsonrpc
  - private/protocol/query
  - private/protocol/query/queryutil
  - private/protocol/rest
  - private/protocol/restjson
  - private/protocol/restxml
  - private/protocol/xml/xmlutil
  - service/cloudwatch
  - service/cloudwatchlogs
  - service/lambda
  - service/s3
  - service/sts
- name: github.com/certifi/gocertifi
  version: 03be5e6bb9874570ea7fb0961225d193cbc374c5
- name: github.com/dgrijalva/jwt-go
  version: d2709f9f1f31ebcda9651b03077758c1f3a0018c
- name: github.com/evalphobia/logrus_sentry
  version: 162fd93cca6f0b1170f1b12c980a004744297f13
- name: github.com/fundapps/common-api
  version: fd574a40a69a79a525c7d6bb9b56ea78684f628a
  subpackages:
  - api
  - metrics
- name: github.com/fundapps/go-json-rest-header-middleware
  version: 00397b3d8171e714b043c17f829d9eec7b2f4a17
  subpackages:
  - headerMiddleware
- name: github.com/fundapps/go-json-rest-middleware-jwt
  version: 262c4123a0bdec07c20cedd92f7867fcdf8701a3
- name: github.com/fundapps/logger
  version: d83e6595167c31ec1c2f8746e811232a3903244f
- name: github.com/getsentry/raven-go
  version: 3f7439d3e74d88e21d196ba20eb61a5a958bc118
- name: github.com/go-ini/ini
  version: 74bdc99692c3408cb103221e38675ce8fda0a718
- name: github.com/jmespath/go-jmespath
  version: bd40a432e4c76585ef6b72d3fd96fb9b6dc7b68d
- name: github.com/lib/pq
  version: ba5d4f7a35561e22fbdf7a39aa0070f4d460cfc0
  subpackages:
  - oid
- name: github.com/pkg/errors
  version: 248dadf4e9068a0b3e79f02ed0a610d935de5302
- name: github.com/sergi/go-diff
  version: 97b2266dfe4bd4ea1b81a463322f04f8b724801e
  subpackages:
  - diffmatchpatch
- name: github.com/Sirupsen/logrus
  version: 7f4b1adc791766938c29457bed0703fb9134421a
- name: github.com/yudai/gojsondiff
  version: 7b1b7adf999dab73a6eb02669c3d82dbb27a3dd6
  subpackages:
  - formatter
- name: github.com/yudai/golcs
  version: d1c525dea8ce39ea9a783d33cf08932305373f2c
- name: golang.org/x/sys
  version: a646d33e2ee3172a661fc09bca23bb4889a41bc8
  subpackages:
  - unix
- name: gopkg.in/alexcesaro/statsd.v2
  version: 7fea3f0d2fab1ad973e641e51dba45443a311a90
testImports: []
