hash: 2c7c3a39a288e0148edcdad916ee2245128ad218837ec10c08d0a036661816de
updated: 2017-07-13T13:33:07.922787423+01:00
imports:
- name: github.com/ant0ine/go-json-rest
  version: ce4b71cdf7ba29ef443d704bd923f5bbf281ee30
  subpackages:
  - rest
  - rest/trie
- name: github.com/lib/pq
  version: ba5d4f7a35561e22fbdf7a39aa0070f4d460cfc0
  subpackages:
  - oid
testImports: []
